// !$*UTF8*$!
{
	archiveVersion = 1;
	classes = {
	};
	objectVersion = 77;
	objects = {

/* Begin PBXBuildFile section */
		803CEB132D0EAC6E0057BF93 /* Localizable.xcstrings in Resources */ = {isa = PBXBuildFile; fileRef = 803CEB122D0EAC6E0057BF93 /* Localizable.xcstrings */; };
/* End PBXBuildFile section */

/* Begin PBXContainerItemProxy section */
		8012A6F92CFF33F300748D11 /* PBXContainerItemProxy */ = {
			isa = PBXContainerItemProxy;
			containerPortal = 8012A6DF2CFF33F100748D11 /* Project object */;
			proxyType = 1;
			remoteGlobalIDString = 8012A6E62CFF33F100748D11;
			remoteInfo = nfd2c;
		};
		8012A7032CFF33F300748D11 /* PBXContainerItemProxy */ = {
			isa = PBXContainerItemProxy;
			containerPortal = 8012A6DF2CFF33F100748D11 /* Project object */;
			proxyType = 1;
			remoteGlobalIDString = 8012A6E62CFF33F100748D11;
			remoteInfo = nfd2c;
		};
/* End PBXContainerItemProxy section */

/* Begin PBXCopyFilesBuildPhase section */
		8012A7602CFF435C00748D11 /* Embed Libraries */ = {
			isa = PBXCopyFilesBuildPhase;
			buildActionMask = 2147483647;
			dstPath = "";
			dstSubfolderSpec = 10;
			files = (
			);
			name = "Embed Libraries";
			runOnlyForDeploymentPostprocessing = 0;
		};
/* End PBXCopyFilesBuildPhase section */

/* Begin PBXFileReference section */
		8012A6E72CFF33F100748D11 /* NFD2C.app */ = {isa = PBXFileReference; explicitFileType = wrapper.application; includeInIndex = 0; path = NFD2C.app; sourceTree = BUILT_PRODUCTS_DIR; };
		8012A6F82CFF33F300748D11 /* nfd2cTests.xctest */ = {isa = PBXFileReference; explicitFileType = wrapper.cfbundle; includeInIndex = 0; path = nfd2cTests.xctest; sourceTree = BUILT_PRODUCTS_DIR; };
		8012A7022CFF33F300748D11 /* nfd2cUITests.xctest */ = {isa = PBXFileReference; explicitFileType = wrapper.cfbundle; includeInIndex = 0; path = nfd2cUITests.xctest; sourceTree = BUILT_PRODUCTS_DIR; };
		8012A7592CFF3BA300748D11 /* libnfd2c.dylib */ = {isa = PBXFileReference; lastKnownFileType = "compiled.mach-o.dylib"; name = libnfd2c.dylib; path = ../Rust/target/release/libnfd2c.dylib; sourceTree = "<group>"; };
		803CEB122D0EAC6E0057BF93 /* Localizable.xcstrings */ = {isa = PBXFileReference; lastKnownFileType = text.json.xcstrings; name = Localizable.xcstrings; path = nfd2c/Localizable.xcstrings; sourceTree = "<group>"; };
/* End PBXFileReference section */

/* Begin PBXFileSystemSynchronizedRootGroup section */
		8012A6E92CFF33F100748D11 /* nfd2c */ = {
			isa = PBXFileSystemSynchronizedRootGroup;
			path = nfd2c;
			sourceTree = "<group>";
		};
		8012A6FB2CFF33F300748D11 /* nfd2cTests */ = {
			isa = PBXFileSystemSynchronizedRootGroup;
			path = nfd2cTests;
			sourceTree = "<group>";
		};
		8012A7052CFF33F300748D11 /* nfd2cUITests */ = {
			isa = PBXFileSystemSynchronizedRootGroup;
			path = nfd2cUITests;
			sourceTree = "<group>";
		};
/* End PBXFileSystemSynchronizedRootGroup section */

/* Begin PBXFrameworksBuildPhase section */
		8012A6E42CFF33F100748D11 /* Frameworks */ = {
			isa = PBXFrameworksBuildPhase;
			buildActionMask = 2147483647;
			files = (
			);
			runOnlyForDeploymentPostprocessing = 0;
		};
		8012A6F52CFF33F300748D11 /* Frameworks */ = {
			isa = PBXFrameworksBuildPhase;
			buildActionMask = 2147483647;
			files = (
			);
			runOnlyForDeploymentPostprocessing = 0;
		};
		8012A6FF2CFF33F300748D11 /* Frameworks */ = {
			isa = PBXFrameworksBuildPhase;
			buildActionMask = 2147483647;
			files = (
			);
			runOnlyForDeploymentPostprocessing = 0;
		};
/* End PBXFrameworksBuildPhase section */

/* Begin PBXGroup section */
		8012A6DE2CFF33F100748D11 = {
			isa = PBXGroup;
			children = (
				803CEB122D0EAC6E0057BF93 /* Localizable.xcstrings */,
				8012A6E92CFF33F100748D11 /* nfd2c */,
				8012A6FB2CFF33F300748D11 /* nfd2cTests */,
				8012A7052CFF33F300748D11 /* nfd2cUITests */,
				8012A7582CFF3BA300748D11 /* Frameworks */,
				8012A6E82CFF33F100748D11 /* Products */,
			);
			sourceTree = "<group>";
		};
		8012A6E82CFF33F100748D11 /* Products */ = {
			isa = PBXGroup;
			children = (
				8012A6E72CFF33F100748D11 /* NFD2C.app */,
				8012A6F82CFF33F300748D11 /* nfd2cTests.xctest */,
				8012A7022CFF33F300748D11 /* nfd2cUITests.xctest */,
			);
			name = Products;
			sourceTree = "<group>";
		};
		8012A7582CFF3BA300748D11 /* Frameworks */ = {
			isa = PBXGroup;
			children = (
				8012A7592CFF3BA300748D11 /* libnfd2c.dylib */,
			);
			name = Frameworks;
			sourceTree = "<group>";
		};
/* End PBXGroup section */

/* Begin PBXNativeTarget section */
		8012A6E62CFF33F100748D11 /* NFD2C */ = {
			isa = PBXNativeTarget;
			buildConfigurationList = 8012A70C2CFF33F300748D11 /* Build configuration list for PBXNativeTarget "NFD2C" */;
			buildPhases = (
				8012A6E32CFF33F100748D11 /* Sources */,
				8012A6E42CFF33F100748D11 /* Frameworks */,
				8012A6E52CFF33F100748D11 /* Resources */,
				8012A7602CFF435C00748D11 /* Embed Libraries */,
			);
			buildRules = (
			);
			dependencies = (
			);
			fileSystemSynchronizedGroups = (
				8012A6E92CFF33F100748D11 /* nfd2c */,
			);
			name = NFD2C;
			packageProductDependencies = (
			);
			productName = nfd2c;
			productReference = 8012A6E72CFF33F100748D11 /* NFD2C.app */;
			productType = "com.apple.product-type.application";
		};
		8012A6F72CFF33F300748D11 /* nfd2cTests */ = {
			isa = PBXNativeTarget;
			buildConfigurationList = 8012A70F2CFF33F300748D11 /* Build configuration list for PBXNativeTarget "nfd2cTests" */;
			buildPhases = (
				8012A6F42CFF33F300748D11 /* Sources */,
				8012A6F52CFF33F300748D11 /* Frameworks */,
				8012A6F62CFF33F300748D11 /* Resources */,
			);
			buildRules = (
			);
			dependencies = (
				8012A6FA2CFF33F300748D11 /* PBXTargetDependency */,
			);
			fileSystemSynchronizedGroups = (
				8012A6FB2CFF33F300748D11 /* nfd2cTests */,
			);
			name = nfd2cTests;
			packageProductDependencies = (
			);
			productName = nfd2cTests;
			productReference = 8012A6F82CFF33F300748D11 /* nfd2cTests.xctest */;
			productType = "com.apple.product-type.bundle.unit-test";
		};
		8012A7012CFF33F300748D11 /* nfd2cUITests */ = {
			isa = PBXNativeTarget;
			buildConfigurationList = 8012A7122CFF33F300748D11 /* Build configuration list for PBXNativeTarget "nfd2cUITests" */;
			buildPhases = (
				8012A6FE2CFF33F300748D11 /* Sources */,
				8012A6FF2CFF33F300748D11 /* Frameworks */,
				8012A7002CFF33F300748D11 /* Resources */,
			);
			buildRules = (
			);
			dependencies = (
				8012A7042CFF33F300748D11 /* PBXTargetDependency */,
			);
			fileSystemSynchronizedGroups = (
				8012A7052CFF33F300748D11 /* nfd2cUITests */,
			);
			name = nfd2cUITests;
			packageProductDependencies = (
			);
			productName = nfd2cUITests;
			productReference = 8012A7022CFF33F300748D11 /* nfd2cUITests.xctest */;
			productType = "com.apple.product-type.bundle.ui-testing";
		};
/* End PBXNativeTarget section */

/* Begin PBXProject section */
		8012A6DF2CFF33F100748D11 /* Project object */ = {
			isa = PBXProject;
			attributes = {
				BuildIndependentTargetsInParallel = 1;
				LastSwiftUpdateCheck = 1610;
				LastUpgradeCheck = 1610;
				TargetAttributes = {
					8012A6E62CFF33F100748D11 = {
						CreatedOnToolsVersion = 16.1;
					};
					8012A6F72CFF33F300748D11 = {
						CreatedOnToolsVersion = 16.1;
						TestTargetID = 8012A6E62CFF33F100748D11;
					};
					8012A7012CFF33F300748D11 = {
						CreatedOnToolsVersion = 16.1;
						TestTargetID = 8012A6E62CFF33F100748D11;
					};
				};
			};
			buildConfigurationList = 8012A6E22CFF33F100748D11 /* Build configuration list for PBXProject "NFD2C" */;
			developmentRegion = en;
			hasScannedForEncodings = 0;
			knownRegions = (
				en,
				Base,
				ko,
			);
			mainGroup = 8012A6DE2CFF33F100748D11;
			minimizedProjectReferenceProxies = 1;
			preferredProjectObjectVersion = 77;
			productRefGroup = 8012A6E82CFF33F100748D11 /* Products */;
			projectDirPath = "";
			projectRoot = "";
			targets = (
				8012A6E62CFF33F100748D11 /* NFD2C */,
				8012A6F72CFF33F300748D11 /* nfd2cTests */,
				8012A7012CFF33F300748D11 /* nfd2cUITests */,
			);
		};
/* End PBXProject section */

/* Begin PBXResourcesBuildPhase section */
		8012A6E52CFF33F100748D11 /* Resources */ = {
			isa = PBXResourcesBuildPhase;
			buildActionMask = 2147483647;
			files = (
				803CEB132D0EAC6E0057BF93 /* Localizable.xcstrings in Resources */,
			);
			runOnlyForDeploymentPostprocessing = 0;
		};
		8012A6F62CFF33F300748D11 /* Resources */ = {
			isa = PBXResourcesBuildPhase;
			buildActionMask = 2147483647;
			files = (
			);
			runOnlyForDeploymentPostprocessing = 0;
		};
		8012A7002CFF33F300748D11 /* Resources */ = {
			isa = PBXResourcesBuildPhase;
			buildActionMask = 2147483647;
			files = (
			);
			runOnlyForDeploymentPostprocessing = 0;
		};
/* End PBXResourcesBuildPhase section */

/* Begin PBXSourcesBuildPhase section */
		8012A6E32CFF33F100748D11 /* Sources */ = {
			isa = PBXSourcesBuildPhase;
			buildActionMask = 2147483647;
			files = (
			);
			runOnlyForDeploymentPostprocessing = 0;
		};
		8012A6F42CFF33F300748D11 /* Sources */ = {
			isa = PBXSourcesBuildPhase;
			buildActionMask = 2147483647;
			files = (
			);
			runOnlyForDeploymentPostprocessing = 0;
		};
		8012A6FE2CFF33F300748D11 /* Sources */ = {
			isa = PBXSourcesBuildPhase;
			buildActionMask = 2147483647;
			files = (
			);
			runOnlyForDeploymentPostprocessing = 0;
		};
/* End PBXSourcesBuildPhase section */

/* Begin PBXTargetDependency section */
		8012A6FA2CFF33F300748D11 /* PBXTargetDependency */ = {
			isa = PBXTargetDependency;
			target = 8012A6E62CFF33F100748D11 /* NFD2C */;
			targetProxy = 8012A6F92CFF33F300748D11 /* PBXContainerItemProxy */;
		};
		8012A7042CFF33F300748D11 /* PBXTargetDependency */ = {
			isa = PBXTargetDependency;
			target = 8012A6E62CFF33F100748D11 /* NFD2C */;
			targetProxy = 8012A7032CFF33F300748D11 /* PBXContainerItemProxy */;
		};
/* End PBXTargetDependency section */

/* Begin XCBuildConfiguration section */
		8012A70A2CFF33F300748D11 /* Debug */ = {
			isa = XCBuildConfiguration;
			buildSettings = {
				ALWAYS_SEARCH_USER_PATHS = NO;
				ASSETCATALOG_COMPILER_GENERATE_SWIFT_ASSET_SYMBOL_EXTENSIONS = YES;
				CLANG_ANALYZER_NONNULL = YES;
				CLANG_ANALYZER_NUMBER_OBJECT_CONVERSION = YES_AGGRESSIVE;
				CLANG_CXX_LANGUAGE_STANDARD = "gnu++20";
				CLANG_ENABLE_MODULES = YES;
				CLANG_ENABLE_OBJC_ARC = YES;
				CLANG_ENABLE_OBJC_WEAK = YES;
				CLANG_WARN_BLOCK_CAPTURE_AUTORELEASING = YES;
				CLANG_WARN_BOOL_CONVERSION = YES;
				CLANG_WARN_COMMA = YES;
				CLANG_WARN_CONSTANT_CONVERSION = YES;
				CLANG_WARN_DEPRECATED_OBJC_IMPLEMENTATIONS = YES;
				CLANG_WARN_DIRECT_OBJC_ISA_USAGE = YES_ERROR;
				CLANG_WARN_DOCUMENTATION_COMMENTS = YES;
				CLANG_WARN_EMPTY_BODY = YES;
				CLANG_WARN_ENUM_CONVERSION = YES;
				CLANG_WARN_INFINITE_RECURSION = YES;
				CLANG_WARN_INT_CONVERSION = YES;
				CLANG_WARN_NON_LITERAL_NULL_CONVERSION = YES;
				CLANG_WARN_OBJC_IMPLICIT_RETAIN_SELF = YES;
				CLANG_WARN_OBJC_LITERAL_CONVERSION = YES;
				CLANG_WARN_OBJC_ROOT_CLASS = YES_ERROR;
				CLANG_WARN_QUOTED_INCLUDE_IN_FRAMEWORK_HEADER = YES;
				CLANG_WARN_RANGE_LOOP_ANALYSIS = YES;
				CLANG_WARN_STRICT_PROTOTYPES = YES;
				CLANG_WARN_SUSPICIOUS_MOVE = YES;
				CLANG_WARN_UNGUARDED_AVAILABILITY = YES_AGGRESSIVE;
				CLANG_WARN_UNREACHABLE_CODE = YES;
				CLANG_WARN__DUPLICATE_METHOD_MATCH = YES;
				COPY_PHASE_STRIP = NO;
				DEBUG_INFORMATION_FORMAT = dwarf;
				ENABLE_STRICT_OBJC_MSGSEND = YES;
				ENABLE_TESTABILITY = YES;
				ENABLE_USER_SCRIPT_SANDBOXING = YES;
				GCC_C_LANGUAGE_STANDARD = gnu17;
				GCC_DYNAMIC_NO_PIC = NO;
				GCC_NO_COMMON_BLOCKS = YES;
				GCC_OPTIMIZATION_LEVEL = 0;
				GCC_PREPROCESSOR_DEFINITIONS = (
					"DEBUG=1",
					"$(inherited)",
				);
				GCC_WARN_64_TO_32_BIT_CONVERSION = YES;
				GCC_WARN_ABOUT_RETURN_TYPE = YES_ERROR;
				GCC_WARN_UNDECLARED_SELECTOR = YES;
				GCC_WARN_UNINITIALIZED_AUTOS = YES_AGGRESSIVE;
				GCC_WARN_UNUSED_FUNCTION = YES;
				GCC_WARN_UNUSED_VARIABLE = YES;
				LOCALIZATION_PREFERS_STRING_CATALOGS = YES;
				MACOSX_DEPLOYMENT_TARGET = 14.6;
				MTL_ENABLE_DEBUG_INFO = INCLUDE_SOURCE;
				MTL_FAST_MATH = YES;
				ONLY_ACTIVE_ARCH = YES;
				SDKROOT = macosx;
				SWIFT_ACTIVE_COMPILATION_CONDITIONS = "DEBUG $(inherited)";
				SWIFT_EMIT_LOC_STRINGS = YES;
				SWIFT_OPTIMIZATION_LEVEL = "-Onone";
			};
			name = Debug;
		};
		8012A70B2CFF33F300748D11 /* Release */ = {
			isa = XCBuildConfiguration;
			buildSettings = {
				ALWAYS_SEARCH_USER_PATHS = NO;
				ASSETCATALOG_COMPILER_GENERATE_SWIFT_ASSET_SYMBOL_EXTENSIONS = YES;
				CLANG_ANALYZER_NONNULL = YES;
				CLANG_ANALYZER_NUMBER_OBJECT_CONVERSION = YES_AGGRESSIVE;
				CLANG_CXX_LANGUAGE_STANDARD = "gnu++20";
				CLANG_ENABLE_MODULES = YES;
				CLANG_ENABLE_OBJC_ARC = YES;
				CLANG_ENABLE_OBJC_WEAK = YES;
				CLANG_WARN_BLOCK_CAPTURE_AUTORELEASING = YES;
				CLANG_WARN_BOOL_CONVERSION = YES;
				CLANG_WARN_COMMA = YES;
				CLANG_WARN_CONSTANT_CONVERSION = YES;
				CLANG_WARN_DEPRECATED_OBJC_IMPLEMENTATIONS = YES;
				CLANG_WARN_DIRECT_OBJC_ISA_USAGE = YES_ERROR;
				CLANG_WARN_DOCUMENTATION_COMMENTS = YES;
				CLANG_WARN_EMPTY_BODY = YES;
				CLANG_WARN_ENUM_CONVERSION = YES;
				CLANG_WARN_INFINITE_RECURSION = YES;
				CLANG_WARN_INT_CONVERSION = YES;
				CLANG_WARN_NON_LITERAL_NULL_CONVERSION = YES;
				CLANG_WARN_OBJC_IMPLICIT_RETAIN_SELF = YES;
				CLANG_WARN_OBJC_LITERAL_CONVERSION = YES;
				CLANG_WARN_OBJC_ROOT_CLASS = YES_ERROR;
				CLANG_WARN_QUOTED_INCLUDE_IN_FRAMEWORK_HEADER = YES;
				CLANG_WARN_RANGE_LOOP_ANALYSIS = YES;
				CLANG_WARN_STRICT_PROTOTYPES = YES;
				CLANG_WARN_SUSPICIOUS_MOVE = YES;
				CLANG_WARN_UNGUARDED_AVAILABILITY = YES_AGGRESSIVE;
				CLANG_WARN_UNREACHABLE_CODE = YES;
				CLANG_WARN__DUPLICATE_METHOD_MATCH = YES;
				COPY_PHASE_STRIP = NO;
				DEBUG_INFORMATION_FORMAT = "dwarf-with-dsym";
				ENABLE_NS_ASSERTIONS = NO;
				ENABLE_STRICT_OBJC_MSGSEND = YES;
				ENABLE_USER_SCRIPT_SANDBOXING = YES;
				GCC_C_LANGUAGE_STANDARD = gnu17;
				GCC_NO_COMMON_BLOCKS = YES;
				GCC_WARN_64_TO_32_BIT_CONVERSION = YES;
				GCC_WARN_ABOUT_RETURN_TYPE = YES_ERROR;
				GCC_WARN_UNDECLARED_SELECTOR = YES;
				GCC_WARN_UNINITIALIZED_AUTOS = YES_AGGRESSIVE;
				GCC_WARN_UNUSED_FUNCTION = YES;
				GCC_WARN_UNUSED_VARIABLE = YES;
				LOCALIZATION_PREFERS_STRING_CATALOGS = YES;
				MACOSX_DEPLOYMENT_TARGET = 14.6;
				MTL_ENABLE_DEBUG_INFO = NO;
				MTL_FAST_MATH = YES;
				SDKROOT = macosx;
				SWIFT_COMPILATION_MODE = wholemodule;
				SWIFT_EMIT_LOC_STRINGS = YES;
			};
			name = Release;
		};
		8012A70D2CFF33F300748D11 /* Debug */ = {
			isa = XCBuildConfiguration;
			buildSettings = {
				ARCHS = (
					"$(ARCHS_STANDARD)",
					arm64,
				);
				ASSETCATALOG_COMPILER_APPICON_NAME = AppIcon;
				ASSETCATALOG_COMPILER_GLOBAL_ACCENT_COLOR_NAME = AccentColor;
				CODE_SIGN_ENTITLEMENTS = nfd2c/nfd2c.entitlements;
				CODE_SIGN_STYLE = Automatic;
				COMBINE_HIDPI_IMAGES = YES;
				CURRENT_PROJECT_VERSION = 1;
				DEVELOPMENT_ASSET_PATHS = "\"nfd2c/Preview Content\"";
				DEVELOPMENT_TEAM = FZ8DDWDS7Y;
				ENABLE_HARDENED_RUNTIME = YES;
				ENABLE_PREVIEWS = YES;
				EXCLUDED_ARCHS = x86_64;
				GENERATE_INFOPLIST_FILE = YES;
				INFOPLIST_FILE = nfd2c/Info.plist;
				INFOPLIST_KEY_LSUIElement = YES;
				INFOPLIST_KEY_NSHumanReadableCopyright = "";
				LD_RUNPATH_SEARCH_PATHS = (
					"$(inherited)",
					"@executable_path/../Frameworks",
				);
				LIBRARY_SEARCH_PATHS = (
					"$(inherited)",
					"$(PROJECT_DIR)/nfd2c/Library",
				);
				MACOSX_DEPLOYMENT_TARGET = 13.5;
				MARKETING_VERSION = "0.1.1-alpha";
				PRODUCT_BUNDLE_IDENTIFIER = "WooSeok-Kim.NFD2C";
				PRODUCT_NAME = NFD2C;
				SWIFT_EMIT_LOC_STRINGS = YES;
				SWIFT_OBJC_BRIDGING_HEADER = "$(PROJECT_DIR)/nfd2c/BridgingHeader.h";
				SWIFT_VERSION = 5.0;
			};
			name = Debug;
		};
		8012A70E2CFF33F300748D11 /* Release */ = {
			isa = XCBuildConfiguration;
			buildSettings = {
				ARCHS = (
					"$(ARCHS_STANDARD)",
					arm64,
				);
				ASSETCATALOG_COMPILER_APPICON_NAME = AppIcon;
				ASSETCATALOG_COMPILER_GLOBAL_ACCENT_COLOR_NAME = AccentColor;
				CODE_SIGN_ENTITLEMENTS = nfd2c/nfd2c.entitlements;
				CODE_SIGN_STYLE = Automatic;
				COMBINE_HIDPI_IMAGES = YES;
				CURRENT_PROJECT_VERSION = 1;
				DEVELOPMENT_ASSET_PATHS = "\"nfd2c/Preview Content\"";
				DEVELOPMENT_TEAM = FZ8DDWDS7Y;
				ENABLE_HARDENED_RUNTIME = YES;
				ENABLE_PREVIEWS = YES;
				EXCLUDED_ARCHS = x86_64;
				GENERATE_INFOPLIST_FILE = YES;
				INFOPLIST_FILE = nfd2c/Info.plist;
				INFOPLIST_KEY_LSUIElement = YES;
				INFOPLIST_KEY_NSHumanReadableCopyright = "";
				LD_RUNPATH_SEARCH_PATHS = (
					"$(inherited)",
					"@executable_path/../Frameworks",
				);
				LIBRARY_SEARCH_PATHS = (
					"$(inherited)",
					"$(PROJECT_DIR)/nfd2c/Library",
				);
				MACOSX_DEPLOYMENT_TARGET = 13.5;
				MARKETING_VERSION = "0.1.1-alpha";
				PRODUCT_BUNDLE_IDENTIFIER = "WooSeok-Kim.NFD2C";
				PRODUCT_NAME = NFD2C;
				SWIFT_EMIT_LOC_STRINGS = YES;
				SWIFT_OBJC_BRIDGING_HEADER = "$(PROJECT_DIR)/nfd2c/BridgingHeader.h";
				SWIFT_VERSION = 5.0;
			};
			name = Release;
		};
		8012A7102CFF33F300748D11 /* Debug */ = {
			isa = XCBuildConfiguration;
			buildSettings = {
				BUNDLE_LOADER = "$(TEST_HOST)";
				CODE_SIGN_STYLE = Automatic;
				CURRENT_PROJECT_VERSION = 1;
				DEVELOPMENT_TEAM = FZ8DDWDS7Y;
				GENERATE_INFOPLIST_FILE = YES;
				MACOSX_DEPLOYMENT_TARGET = 14.6;
				MARKETING_VERSION = 1.0;
				PRODUCT_BUNDLE_IDENTIFIER = none.nfd2cTests;
				PRODUCT_NAME = "$(TARGET_NAME)";
				SWIFT_EMIT_LOC_STRINGS = NO;
				SWIFT_VERSION = 5.0;
				TEST_HOST = "$(BUILT_PRODUCTS_DIR)/nfd2c.app/$(BUNDLE_EXECUTABLE_FOLDER_PATH)/nfd2c";
			};
			name = Debug;
		};
		8012A7112CFF33F300748D11 /* Release */ = {
			isa = XCBuildConfiguration;
			buildSettings = {
				BUNDLE_LOADER = "$(TEST_HOST)";
				CODE_SIGN_STYLE = Automatic;
				CURRENT_PROJECT_VERSION = 1;
				DEVELOPMENT_TEAM = FZ8DDWDS7Y;
				GENERATE_INFOPLIST_FILE = YES;
				MACOSX_DEPLOYMENT_TARGET = 14.6;
				MARKETING_VERSION = 1.0;
				PRODUCT_BUNDLE_IDENTIFIER = none.nfd2cTests;
				PRODUCT_NAME = "$(TARGET_NAME)";
				SWIFT_EMIT_LOC_STRINGS = NO;
				SWIFT_VERSION = 5.0;
				TEST_HOST = "$(BUILT_PRODUCTS_DIR)/nfd2c.app/$(BUNDLE_EXECUTABLE_FOLDER_PATH)/nfd2c";
			};
			name = Release;
		};
		8012A7132CFF33F300748D11 /* Debug */ = {
			isa = XCBuildConfiguration;
			buildSettings = {
				CODE_SIGN_STYLE = Automatic;
				CURRENT_PROJECT_VERSION = 1;
				DEVELOPMENT_TEAM = FZ8DDWDS7Y;
				GENERATE_INFOPLIST_FILE = YES;
				MARKETING_VERSION = 1.0;
				PRODUCT_BUNDLE_IDENTIFIER = none.nfd2cUITests;
				PRODUCT_NAME = "$(TARGET_NAME)";
				SWIFT_EMIT_LOC_STRINGS = NO;
				SWIFT_VERSION = 5.0;
				TEST_TARGET_NAME = nfd2c;
			};
			name = Debug;
		};
		8012A7142CFF33F300748D11 /* Release */ = {
			isa = XCBuildConfiguration;
			buildSettings = {
				CODE_SIGN_STYLE = Automatic;
				CURRENT_PROJECT_VERSION = 1;
				DEVELOPMENT_TEAM = FZ8DDWDS7Y;
				GENERATE_INFOPLIST_FILE = YES;
				MARKETING_VERSION = 1.0;
				PRODUCT_BUNDLE_IDENTIFIER = none.nfd2cUITests;
				PRODUCT_NAME = "$(TARGET_NAME)";
				SWIFT_EMIT_LOC_STRINGS = NO;
				SWIFT_VERSION = 5.0;
				TEST_TARGET_NAME = nfd2c;
			};
			name = Release;
		};
/* End XCBuildConfiguration section */

/* Begin XCConfigurationList section */
		8012A6E22CFF33F100748D11 /* Build configuration list for PBXProject "NFD2C" */ = {
			isa = XCConfigurationList;
			buildConfigurations = (
				8012A70A2CFF33F300748D11 /* Debug */,
				8012A70B2CFF33F300748D11 /* Release */,
			);
			defaultConfigurationIsVisible = 0;
			defaultConfigurationName = Release;
		};
		8012A70C2CFF33F300748D11 /* Build configuration list for PBXNativeTarget "NFD2C" */ = {
			isa = XCConfigurationList;
			buildConfigurations = (
				8012A70D2CFF33F300748D11 /* Debug */,
				8012A70E2CFF33F300748D11 /* Release */,
			);
			defaultConfigurationIsVisible = 0;
			defaultConfigurationName = Release;
		};
		8012A70F2CFF33F300748D11 /* Build configuration list for PBXNativeTarget "nfd2cTests" */ = {
			isa = XCConfigurationList;
			buildConfigurations = (
				8012A7102CFF33F300748D11 /* Debug */,
				8012A7112CFF33F300748D11 /* Release */,
			);
			defaultConfigurationIsVisible = 0;
			defaultConfigurationName = Release;
		};
		8012A7122CFF33F300748D11 /* Build configuration list for PBXNativeTarget "nfd2cUITests" */ = {
			isa = XCConfigurationList;
			buildConfigurations = (
				8012A7132CFF33F300748D11 /* Debug */,
				8012A7142CFF33F300748D11 /* Release */,
			);
			defaultConfigurationIsVisible = 0;
			defaultConfigurationName = Release;
		};
/* End XCConfigurationList section */
	};
	rootObject = 8012A6DF2CFF33F100748D11 /* Project object */;
}
